
Microsoft Visual Studio Solution File, Format Version 12.00
# Visual Studio Version 17
VisualStudioVersion = 17.3.32819.101
MinimumVisualStudioVersion = 10.0.40219.1
Project("{FAE04EC0-301F-11D3-BF4B-00C04F79EFBC}") = "WebAPIDossie", "WebAPIDossie\WebAPIDossie.csproj", "{17743AFC-BF7E-47A7-B7CD-0478AD7A9261}"
EndProject
Global
	GlobalSection(SolutionConfigurationPlatforms) = preSolution
		Debug|Any CPU = Debug|Any CPU
		Release|Any CPU = Release|Any CPU
	EndGlobalSection
	GlobalSection(ProjectConfigurationPlatforms) = postSolution
		{17743AFC-BF7E-47A7-B7CD-0478AD7A9261}.Debug|Any CPU.ActiveCfg = Debug|Any CPU
		{17743AFC-BF7E-47A7-B7CD-0478AD7A9261}.Debug|Any CPU.Build.0 = Debug|Any CPU
		{17743AFC-BF7E-47A7-B7CD-0478AD7A9261}.Release|Any CPU.ActiveCfg = Release|Any CPU
		{17743AFC-BF7E-47A7-B7CD-0478AD7A9261}.Release|Any CPU.Build.0 = Release|Any CPU
	EndGlobalSection
	GlobalSection(SolutionProperties) = preSolution
		HideSolutionNode = FALSE
	EndGlobalSection
	GlobalSection(ExtensibilityGlobals) = postSolution
		SolutionGuid = {5AD5C6D9-ABD2-4113-82B9-69470F203104}
	EndGlobalSection
EndGlobal
